
Microsoft Visual Studio Solution File, Format Version 11.00
# Visual Studio 2010
Project("{FAE04EC0-301F-11D3-BF4B-00C04F79EFBC}") = "zom1", "Assembly-CSharp.csproj", "{4710B18E-C62C-3B2F-5EF3-803ABF888DCC}"
EndProject
Project("{FAE04EC0-301F-11D3-BF4B-00C04F79EFBC}") = "zom1", "Assembly-CSharp-Editor.csproj", "{6DBCBE8C-58DA-61C5-774B-9F3EAA7ACCDB}"
EndProject
Global
	GlobalSection(SolutionConfigurationPlatforms) = preSolution
		Debug|Any CPU = Debug|Any CPU
		Release|Any CPU = Release|Any CPU
	EndGlobalSection
	GlobalSection(ProjectConfigurationPlatforms) = postSolution
		{4710B18E-C62C-3B2F-5EF3-803ABF888DCC}.Debug|Any CPU.ActiveCfg = Debug|Any CPU
		{4710B18E-C62C-3B2F-5EF3-803ABF888DCC}.Debug|Any CPU.Build.0 = Debug|Any CPU
		{4710B18E-C62C-3B2F-5EF3-803ABF888DCC}.Release|Any CPU.ActiveCfg = Release|Any CPU
		{4710B18E-C62C-3B2F-5EF3-803ABF888DCC}.Release|Any CPU.Build.0 = Release|Any CPU
		{6DBCBE8C-58DA-61C5-774B-9F3EAA7ACCDB}.Debug|Any CPU.ActiveCfg = Debug|Any CPU
		{6DBCBE8C-58DA-61C5-774B-9F3EAA7ACCDB}.Debug|Any CPU.Build.0 = Debug|Any CPU
		{6DBCBE8C-58DA-61C5-774B-9F3EAA7ACCDB}.Release|Any CPU.ActiveCfg = Release|Any CPU
		{6DBCBE8C-58DA-61C5-774B-9F3EAA7ACCDB}.Release|Any CPU.Build.0 = Release|Any CPU
	EndGlobalSection
	GlobalSection(SolutionProperties) = preSolution
		HideSolutionNode = FALSE
	EndGlobalSection
	GlobalSection(MonoDevelopProperties) = preSolution
		StartupItem = Assembly-CSharp.csproj
	EndGlobalSection
EndGlobal
